
Microsoft Visual Studio Solution File, Format Version 12.00
# Visual Studio Version 16
VisualStudioVersion = 16.0.32228.343
MinimumVisualStudioVersion = 10.0.40219.1
Project("{2150E333-8FDC-42A3-9474-1A3956D46DE8}") = "Chapter02", "Chapter02", "{BC8A38C9-C8A7-4333-AB49-E0C808FD76C3}"
EndProject
Project("{FAE04EC0-301F-11D3-BF4B-00C04F79EFBC}") = "DistanceConverter", "Chapter02\DistanceConverter\DistanceConverter.csproj", "{4A3D8DF0-297D-41F2-842E-BC81C272738A}"
EndProject
Project("{FAE04EC0-301F-11D3-BF4B-00C04F79EFBC}") = "SalesCalculator", "Chapter02\SalesCalculator\SalesCalculator.csproj", "{6F1B8B29-F203-44B8-BE86-88773AC884E1}"
EndProject
Project("{FAE04EC0-301F-11D3-BF4B-00C04F79EFBC}") = "Exercise", "Chapter02\Exercise\Exercise.csproj", "{4BADB429-8E7E-4434-A66C-7470FBF6C83E}"
EndProject
Project("{FAE04EC0-301F-11D3-BF4B-00C04F79EFBC}") = "Exercise02", "Chapter02\Exercise02\Exercise02.csproj", "{8D2BC53B-B015-4372-B3EE-86EA78926B20}"
EndProject
Project("{FAE04EC0-301F-11D3-BF4B-00C04F79EFBC}") = "Exercise03", "Chapter02\Exercise03\Exercise03.csproj", "{1F4A3228-1729-4FC1-AC39-6AD80985F523}"
EndProject
Project("{2150E333-8FDC-42A3-9474-1A3956D46DE8}") = "Chapter03", "Chapter03", "{EC455B1B-94FD-46CD-BD19-162C8F4DA32C}"
EndProject
Project("{FAE04EC0-301F-11D3-BF4B-00C04F79EFBC}") = "Section01", "Chapter03\Section01\Section01.csproj", "{3EB8B054-247D-4773-A7D4-6934DC96622F}"
EndProject
Project("{FAE04EC0-301F-11D3-BF4B-00C04F79EFBC}") = "Exercise01", "Chapter03\Exercise01\Exercise01.csproj", "{E6DBB124-32D3-4E0F-BB17-AD3C9D2E25B7}"
EndProject
Project("{FAE04EC0-301F-11D3-BF4B-00C04F79EFBC}") = "Section04", "Chapter03\Section04\Section04.csproj", "{72C862A7-500B-4BA5-A4CA-14D870C94B58}"
EndProject
Project("{FAE04EC0-301F-11D3-BF4B-00C04F79EFBC}") = "Exercise02", "Chapter03\Exercise02\Exercise02.csproj", "{6CBA8560-5784-4B74-95DC-E173BDBBC76E}"
EndProject
Project("{2150E333-8FDC-42A3-9474-1A3956D46DE8}") = "Chapter04", "Chapter04", "{EAAAA0F0-BB37-4592-A4A9-1E643245DC6A}"
EndProject
Project("{FAE04EC0-301F-11D3-BF4B-00C04F79EFBC}") = "Exercise01", "Chapter04\Exercise01\Exercise01.csproj", "{F9FC09E6-2190-4CCF-BCC9-41BB1F26A684}"
EndProject
Project("{FAE04EC0-301F-11D3-BF4B-00C04F79EFBC}") = "Exercise02", "Chapter04\Exercise02\Exercise02.csproj", "{0D8C58F2-007B-4C9B-8522-F4F8E247D98A}"
EndProject
Project("{2150E333-8FDC-42A3-9474-1A3956D46DE8}") = "Chapter05", "Chapter05", "{8F07B171-A3CF-40C8-A256-5AD4AD307483}"
EndProject
Project("{FAE04EC0-301F-11D3-BF4B-00C04F79EFBC}") = "Exercise01", "Chapter05\Exercise01\Exercise01.csproj", "{9BB5EFBB-5D5B-47F8-A6D0-E49105EB453F}"
EndProject
Project("{FAE04EC0-301F-11D3-BF4B-00C04F79EFBC}") = "Exercise02", "Chapter05\Exercise02\Exercise02.csproj", "{339E54AA-7E22-42F4-8E52-C4CD9E65F372}"
EndProject
Project("{FAE04EC0-301F-11D3-BF4B-00C04F79EFBC}") = "Exercise03", "Chapter05\Exercise03\Exercise03.csproj", "{0D5760B9-B6C3-467D-B34B-7A256590A47D}"
EndProject
Project("{FAE04EC0-301F-11D3-BF4B-00C04F79EFBC}") = "Exercise04", "Chapter05\Exercise04\Exercise04.csproj", "{94034F33-67B8-4728-A02A-FBE84A1D46BA}"
EndProject
Project("{2150E333-8FDC-42A3-9474-1A3956D46DE8}") = "Chapter06", "Chapter06", "{A5C346F0-D09A-47D9-A6C8-A5A362DA1610}"
EndProject
Project("{FAE04EC0-301F-11D3-BF4B-00C04F79EFBC}") = "Exercise01", "Chapter06\Exercise01\Exercise01.csproj", "{19E741AE-D0C6-47CF-B1FF-8B34A3132FEA}"
EndProject
Project("{FAE04EC0-301F-11D3-BF4B-00C04F79EFBC}") = "Exercise02", "Chapter06\Exercise02\Exercise02.csproj", "{DB7A61EC-780D-426E-A04E-05A12466F6C8}"
EndProject
Project("{2150E333-8FDC-42A3-9474-1A3956D46DE8}") = "FormAppSample", "FormAppSample", "{ADCECEEA-D0C5-4447-B7CC-15AE51298959}"
EndProject
Project("{FAE04EC0-301F-11D3-BF4B-00C04F79EFBC}") = "Sample0603", "FormAppSample\Sample0603\Sample0603.csproj", "{CA575CA4-3A71-4E49-8177-DC3C45CCEA59}"
EndProject
Project("{FAE04EC0-301F-11D3-BF4B-00C04F79EFBC}") = "Sample0607", "FormAppSample\Sample0607\Sample0607.csproj", "{D340A64A-ACD2-4645-B6F3-E5FFE3BC2EED}"
EndProject
Project("{FAE04EC0-301F-11D3-BF4B-00C04F79EFBC}") = "NumberGame", "FormAppSample\NumberGame\NumberGame.csproj", "{2B0269CC-C321-4E4D-A98D-EE44344061E5}"
EndProject
Project("{FAE04EC0-301F-11D3-BF4B-00C04F79EFBC}") = "AddressBook", "FormAppSample\AddressBook\AddressBook.csproj", "{D7516AE1-6F3F-4DB8-A498-B236C749EAF9}"
EndProject
Project("{2150E333-8FDC-42A3-9474-1A3956D46DE8}") = "Test202206", "Test202206", "{8AD89E8A-2B8D-4E90-9F47-85225EEBF93E}"
EndProject
Project("{FAE04EC0-301F-11D3-BF4B-00C04F79EFBC}") = "Test01", "Test202206\TestProject\Test01\Test01.csproj", "{2BFACDC3-F44D-4199-8498-F5C3C4AC0335}"
EndProject
Project("{FAE04EC0-301F-11D3-BF4B-00C04F79EFBC}") = "Test02", "Test202206\TestProject\Test02\Test02.csproj", "{E461C0A8-8900-485C-B520-E929BA33F712}"
EndProject
Project("{2150E333-8FDC-42A3-9474-1A3956D46DE8}") = "Chapter11", "Chapter11", "{903862AC-C589-443B-8BA4-94F3DDFCAB48}"
EndProject
Project("{FAE04EC0-301F-11D3-BF4B-00C04F79EFBC}") = "XmlSample", "Chapter011\XmlSample\XmlSample.csproj", "{33674013-6881-4EDE-BB02-C503DD1E335E}"
EndProject
Project("{FAE04EC0-301F-11D3-BF4B-00C04F79EFBC}") = "RssReader", "Chapter011\RssReader\RssReader.csproj", "{DED4AD5A-0666-4CBC-A562-CC971822CB01}"
EndProject
Project("{FAE04EC0-301F-11D3-BF4B-00C04F79EFBC}") = "Exercise1", "Chapter011\Exercise1\Exercise1.csproj", "{7F4257A4-4F21-4B32-933E-D94E10AD79DB}"
EndProject
Project("{2150E333-8FDC-42A3-9474-1A3956D46DE8}") = "Chapter12", "Chapter12", "{5590A87A-BF52-47A9-A400-248B24E079C3}"
EndProject
Project("{FAE04EC0-301F-11D3-BF4B-00C04F79EFBC}") = "Section01", "Chapter012\Section01\Section01.csproj", "{B5D61FCA-DD18-4072-B120-E2066387CAFC}"
EndProject
Project("{FAE04EC0-301F-11D3-BF4B-00C04F79EFBC}") = "Section02", "Chapter012\Section02\Section02.csproj", "{13B56ACB-5041-4CA9-A017-78FA2A4200AE}"
EndProject
Project("{FAE04EC0-301F-11D3-BF4B-00C04F79EFBC}") = "Exercise01", "Chapter012\Exercise01\Exercise01.csproj", "{F2B4DCE3-245A-4DB4-8631-EFBBC9F43CF2}"
EndProject
Project("{FAE04EC0-301F-11D3-BF4B-00C04F79EFBC}") = "Exercise02", "Chapter012\Exercise02\Exercise02.csproj", "{6A363073-45AF-4675-B336-B0C268911B0F}"
EndProject
Project("{2150E333-8FDC-42A3-9474-1A3956D46DE8}") = "CarReportSystem", "CarReportSystem", "{CF5AC19F-DBF5-459C-AA50-B1EEFC41DADD}"
EndProject
Project("{FAE04EC0-301F-11D3-BF4B-00C04F79EFBC}") = "CarReportSystem", "CarReportSystem\CarReportSystem\CarReportSystem.csproj", "{86432F4D-933E-4C65-A7B3-B0093A1F7E07}"
EndProject
Project("{2150E333-8FDC-42A3-9474-1A3956D46DE8}") = "DesignPattem", "DesignPattem", "{F3EFD254-2F0B-4BB0-B3EE-2437349F6B70}"
EndProject
Project("{FAE04EC0-301F-11D3-BF4B-00C04F79EFBC}") = "SingletonSample", "DesignPattern\SingletonSample\SingletonSample.csproj", "{889DB3BC-ECDE-4DBD-A615-D19684922B17}"
EndProject
Project("{2150E333-8FDC-42A3-9474-1A3956D46DE8}") = "Chapter17", "Chapter17", "{16BFF475-EB2D-4D0C-8AFA-CF99CED4DA3F}"
EndProject
Project("{FAE04EC0-301F-11D3-BF4B-00C04F79EFBC}") = "Section01", "Chapter17\Section01\Section01.csproj", "{A178F6E6-089A-41B0-850B-F63A5654C6D9}"
EndProject
Project("{2150E333-8FDC-42A3-9474-1A3956D46DE8}") = "TemplateMethod", "TemplateMethod", "{9320BC1A-550E-4DB0-8B0E-CEEBD9B444F4}"
EndProject
Project("{FAE04EC0-301F-11D3-BF4B-00C04F79EFBC}") = "TextFileProcessor", "Chapter17\TemplateMethod\textFileProcessor\TextFileProcessor.csproj", "{9C839905-F470-4446-BA4A-A409B9D54E8A}"
EndProject
Project("{FAE04EC0-301F-11D3-BF4B-00C04F79EFBC}") = "LineCounter", "Chapter17\TemplateMethod\LineCounter\LineCounter.csproj", "{375C8774-CC3B-4EDE-B2CC-2EF2C4330C9F}"
EndProject
Project("{FAE04EC0-301F-11D3-BF4B-00C04F79EFBC}") = "Exercise1", "Chapter17\Exercise1\Exercise1\Exercise1.csproj", "{DB08962A-CDEE-438C-AAA1-8CD4DED33CCC}"
EndProject
Project("{2150E333-8FDC-42A3-9474-1A3956D46DE8}") = "ADONET", "ADONET", "{1D306CAF-A41C-4503-90E6-3899CB5EFAB5}"
EndProject
Project("{FAE04EC0-301F-11D3-BF4B-00C04F79EFBC}") = "DataBaseSample", "ADONET\DataBaseSample\DataBaseSample.csproj", "{B492C0D7-7D7E-45AB-B8D1-BB5E2785564F}"
EndProject
Project("{FAE04EC0-301F-11D3-BF4B-00C04F79EFBC}") = "AddressBook", "ADONET\AddressBook\AddressBook.csproj", "{294525E4-48B3-480A-B420-218FF45A4582}"
EndProject
Project("{2150E333-8FDC-42A3-9474-1A3956D46DE8}") = "Chapter13", "Chapter13", "{7B3EACC3-5026-4DE1-8AC6-2DBE3397C13F}"
EndProject
Project("{FAE04EC0-301F-11D3-BF4B-00C04F79EFBC}") = "SampleEntityFramework", "Chapter13\SampleEntityFramework\SampleEntityFramework.csproj", "{53ABCF04-B415-4F0E-B4F1-9EA69986BAAA}"
EndProject
Project("{2150E333-8FDC-42A3-9474-1A3956D46DE8}") = "Chapter15", "Chapter15", "{CF01DD78-4E09-4C9A-BAFB-B408B6ED9F88}"
EndProject
Project("{FAE04EC0-301F-11D3-BF4B-00C04F79EFBC}") = "Chapter15", "Chapter15\Chapter15\Chapter15.csproj", "{C20868AF-9D63-4BE2-B41B-AECC8A5DCC53}"
EndProject
Project("{FAE04EC0-301F-11D3-BF4B-00C04F79EFBC}") = "Exercise1", "Chapter15\Exercise1\Exercise1.csproj", "{0633CDFB-D06C-491F-A12B-D028927BD8BC}"
EndProject
Project("{2150E333-8FDC-42A3-9474-1A3956D46DE8}") = "WPF", "WPF", "{732667F3-723C-423F-A544-C4B7CA723898}"
EndProject
Project("{FAE04EC0-301F-11D3-BF4B-00C04F79EFBC}") = "SampleApplication", "WPF\SampleApplication\SampleApplication.csproj", "{6DA7B59F-251B-460C-A0EC-3A44BA4FAC58}"
EndProject
Global
	GlobalSection(SolutionConfigurationPlatforms) = preSolution
		Debug|Any CPU = Debug|Any CPU
		Release|Any CPU = Release|Any CPU
	EndGlobalSection
	GlobalSection(ProjectConfigurationPlatforms) = postSolution
		{4A3D8DF0-297D-41F2-842E-BC81C272738A}.Debug|Any CPU.ActiveCfg = Debug|Any CPU
		{4A3D8DF0-297D-41F2-842E-BC81C272738A}.Debug|Any CPU.Build.0 = Debug|Any CPU
		{4A3D8DF0-297D-41F2-842E-BC81C272738A}.Release|Any CPU.ActiveCfg = Release|Any CPU
		{4A3D8DF0-297D-41F2-842E-BC81C272738A}.Release|Any CPU.Build.0 = Release|Any CPU
		{6F1B8B29-F203-44B8-BE86-88773AC884E1}.Debug|Any CPU.ActiveCfg = Debug|Any CPU
		{6F1B8B29-F203-44B8-BE86-88773AC884E1}.Debug|Any CPU.Build.0 = Debug|Any CPU
		{6F1B8B29-F203-44B8-BE86-88773AC884E1}.Release|Any CPU.ActiveCfg = Release|Any CPU
		{6F1B8B29-F203-44B8-BE86-88773AC884E1}.Release|Any CPU.Build.0 = Release|Any CPU
		{4BADB429-8E7E-4434-A66C-7470FBF6C83E}.Debug|Any CPU.ActiveCfg = Debug|Any CPU
		{4BADB429-8E7E-4434-A66C-7470FBF6C83E}.Debug|Any CPU.Build.0 = Debug|Any CPU
		{4BADB429-8E7E-4434-A66C-7470FBF6C83E}.Release|Any CPU.ActiveCfg = Release|Any CPU
		{4BADB429-8E7E-4434-A66C-7470FBF6C83E}.Release|Any CPU.Build.0 = Release|Any CPU
		{8D2BC53B-B015-4372-B3EE-86EA78926B20}.Debug|Any CPU.ActiveCfg = Debug|Any CPU
		{8D2BC53B-B015-4372-B3EE-86EA78926B20}.Debug|Any CPU.Build.0 = Debug|Any CPU
		{8D2BC53B-B015-4372-B3EE-86EA78926B20}.Release|Any CPU.ActiveCfg = Release|Any CPU
		{8D2BC53B-B015-4372-B3EE-86EA78926B20}.Release|Any CPU.Build.0 = Release|Any CPU
		{1F4A3228-1729-4FC1-AC39-6AD80985F523}.Debug|Any CPU.ActiveCfg = Debug|Any CPU
		{1F4A3228-1729-4FC1-AC39-6AD80985F523}.Debug|Any CPU.Build.0 = Debug|Any CPU
		{1F4A3228-1729-4FC1-AC39-6AD80985F523}.Release|Any CPU.ActiveCfg = Release|Any CPU
		{1F4A3228-1729-4FC1-AC39-6AD80985F523}.Release|Any CPU.Build.0 = Release|Any CPU
		{3EB8B054-247D-4773-A7D4-6934DC96622F}.Debug|Any CPU.ActiveCfg = Debug|Any CPU
		{3EB8B054-247D-4773-A7D4-6934DC96622F}.Debug|Any CPU.Build.0 = Debug|Any CPU
		{3EB8B054-247D-4773-A7D4-6934DC96622F}.Release|Any CPU.ActiveCfg = Release|Any CPU
		{3EB8B054-247D-4773-A7D4-6934DC96622F}.Release|Any CPU.Build.0 = Release|Any CPU
		{E6DBB124-32D3-4E0F-BB17-AD3C9D2E25B7}.Debug|Any CPU.ActiveCfg = Debug|Any CPU
		{E6DBB124-32D3-4E0F-BB17-AD3C9D2E25B7}.Debug|Any CPU.Build.0 = Debug|Any CPU
		{E6DBB124-32D3-4E0F-BB17-AD3C9D2E25B7}.Release|Any CPU.ActiveCfg = Release|Any CPU
		{E6DBB124-32D3-4E0F-BB17-AD3C9D2E25B7}.Release|Any CPU.Build.0 = Release|Any CPU
		{72C862A7-500B-4BA5-A4CA-14D870C94B58}.Debug|Any CPU.ActiveCfg = Debug|Any CPU
		{72C862A7-500B-4BA5-A4CA-14D870C94B58}.Debug|Any CPU.Build.0 = Debug|Any CPU
		{72C862A7-500B-4BA5-A4CA-14D870C94B58}.Release|Any CPU.ActiveCfg = Release|Any CPU
		{72C862A7-500B-4BA5-A4CA-14D870C94B58}.Release|Any CPU.Build.0 = Release|Any CPU
		{6CBA8560-5784-4B74-95DC-E173BDBBC76E}.Debug|Any CPU.ActiveCfg = Debug|Any CPU
		{6CBA8560-5784-4B74-95DC-E173BDBBC76E}.Debug|Any CPU.Build.0 = Debug|Any CPU
		{6CBA8560-5784-4B74-95DC-E173BDBBC76E}.Release|Any CPU.ActiveCfg = Release|Any CPU
		{6CBA8560-5784-4B74-95DC-E173BDBBC76E}.Release|Any CPU.Build.0 = Release|Any CPU
		{F9FC09E6-2190-4CCF-BCC9-41BB1F26A684}.Debug|Any CPU.ActiveCfg = Debug|Any CPU
		{F9FC09E6-2190-4CCF-BCC9-41BB1F26A684}.Debug|Any CPU.Build.0 = Debug|Any CPU
		{F9FC09E6-2190-4CCF-BCC9-41BB1F26A684}.Release|Any CPU.ActiveCfg = Release|Any CPU
		{F9FC09E6-2190-4CCF-BCC9-41BB1F26A684}.Release|Any CPU.Build.0 = Release|Any CPU
		{0D8C58F2-007B-4C9B-8522-F4F8E247D98A}.Debug|Any CPU.ActiveCfg = Debug|Any CPU
		{0D8C58F2-007B-4C9B-8522-F4F8E247D98A}.Debug|Any CPU.Build.0 = Debug|Any CPU
		{0D8C58F2-007B-4C9B-8522-F4F8E247D98A}.Release|Any CPU.ActiveCfg = Release|Any CPU
		{0D8C58F2-007B-4C9B-8522-F4F8E247D98A}.Release|Any CPU.Build.0 = Release|Any CPU
		{9BB5EFBB-5D5B-47F8-A6D0-E49105EB453F}.Debug|Any CPU.ActiveCfg = Debug|Any CPU
		{9BB5EFBB-5D5B-47F8-A6D0-E49105EB453F}.Debug|Any CPU.Build.0 = Debug|Any CPU
		{9BB5EFBB-5D5B-47F8-A6D0-E49105EB453F}.Release|Any CPU.ActiveCfg = Release|Any CPU
		{9BB5EFBB-5D5B-47F8-A6D0-E49105EB453F}.Release|Any CPU.Build.0 = Release|Any CPU
		{339E54AA-7E22-42F4-8E52-C4CD9E65F372}.Debug|Any CPU.ActiveCfg = Debug|Any CPU
		{339E54AA-7E22-42F4-8E52-C4CD9E65F372}.Debug|Any CPU.Build.0 = Debug|Any CPU
		{339E54AA-7E22-42F4-8E52-C4CD9E65F372}.Release|Any CPU.ActiveCfg = Release|Any CPU
		{339E54AA-7E22-42F4-8E52-C4CD9E65F372}.Release|Any CPU.Build.0 = Release|Any CPU
		{0D5760B9-B6C3-467D-B34B-7A256590A47D}.Debug|Any CPU.ActiveCfg = Debug|Any CPU
		{0D5760B9-B6C3-467D-B34B-7A256590A47D}.Debug|Any CPU.Build.0 = Debug|Any CPU
		{0D5760B9-B6C3-467D-B34B-7A256590A47D}.Release|Any CPU.ActiveCfg = Release|Any CPU
		{0D5760B9-B6C3-467D-B34B-7A256590A47D}.Release|Any CPU.Build.0 = Release|Any CPU
		{94034F33-67B8-4728-A02A-FBE84A1D46BA}.Debug|Any CPU.ActiveCfg = Debug|Any CPU
		{94034F33-67B8-4728-A02A-FBE84A1D46BA}.Debug|Any CPU.Build.0 = Debug|Any CPU
		{94034F33-67B8-4728-A02A-FBE84A1D46BA}.Release|Any CPU.ActiveCfg = Release|Any CPU
		{94034F33-67B8-4728-A02A-FBE84A1D46BA}.Release|Any CPU.Build.0 = Release|Any CPU
		{19E741AE-D0C6-47CF-B1FF-8B34A3132FEA}.Debug|Any CPU.ActiveCfg = Debug|Any CPU
		{19E741AE-D0C6-47CF-B1FF-8B34A3132FEA}.Debug|Any CPU.Build.0 = Debug|Any CPU
		{19E741AE-D0C6-47CF-B1FF-8B34A3132FEA}.Release|Any CPU.ActiveCfg = Release|Any CPU
		{19E741AE-D0C6-47CF-B1FF-8B34A3132FEA}.Release|Any CPU.Build.0 = Release|Any CPU
		{DB7A61EC-780D-426E-A04E-05A12466F6C8}.Debug|Any CPU.ActiveCfg = Debug|Any CPU
		{DB7A61EC-780D-426E-A04E-05A12466F6C8}.Debug|Any CPU.Build.0 = Debug|Any CPU
		{DB7A61EC-780D-426E-A04E-05A12466F6C8}.Release|Any CPU.ActiveCfg = Release|Any CPU
		{DB7A61EC-780D-426E-A04E-05A12466F6C8}.Release|Any CPU.Build.0 = Release|Any CPU
		{CA575CA4-3A71-4E49-8177-DC3C45CCEA59}.Debug|Any CPU.ActiveCfg = Debug|Any CPU
		{CA575CA4-3A71-4E49-8177-DC3C45CCEA59}.Debug|Any CPU.Build.0 = Debug|Any CPU
		{CA575CA4-3A71-4E49-8177-DC3C45CCEA59}.Release|Any CPU.ActiveCfg = Release|Any CPU
		{CA575CA4-3A71-4E49-8177-DC3C45CCEA59}.Release|Any CPU.Build.0 = Release|Any CPU
		{D340A64A-ACD2-4645-B6F3-E5FFE3BC2EED}.Debug|Any CPU.ActiveCfg = Debug|Any CPU
		{D340A64A-ACD2-4645-B6F3-E5FFE3BC2EED}.Debug|Any CPU.Build.0 = Debug|Any CPU
		{D340A64A-ACD2-4645-B6F3-E5FFE3BC2EED}.Release|Any CPU.ActiveCfg = Release|Any CPU
		{D340A64A-ACD2-4645-B6F3-E5FFE3BC2EED}.Release|Any CPU.Build.0 = Release|Any CPU
		{2B0269CC-C321-4E4D-A98D-EE44344061E5}.Debug|Any CPU.ActiveCfg = Debug|Any CPU
		{2B0269CC-C321-4E4D-A98D-EE44344061E5}.Debug|Any CPU.Build.0 = Debug|Any CPU
		{2B0269CC-C321-4E4D-A98D-EE44344061E5}.Release|Any CPU.ActiveCfg = Release|Any CPU
		{2B0269CC-C321-4E4D-A98D-EE44344061E5}.Release|Any CPU.Build.0 = Release|Any CPU
		{D7516AE1-6F3F-4DB8-A498-B236C749EAF9}.Debug|Any CPU.ActiveCfg = Debug|Any CPU
		{D7516AE1-6F3F-4DB8-A498-B236C749EAF9}.Debug|Any CPU.Build.0 = Debug|Any CPU
		{D7516AE1-6F3F-4DB8-A498-B236C749EAF9}.Release|Any CPU.ActiveCfg = Release|Any CPU
		{D7516AE1-6F3F-4DB8-A498-B236C749EAF9}.Release|Any CPU.Build.0 = Release|Any CPU
		{2BFACDC3-F44D-4199-8498-F5C3C4AC0335}.Debug|Any CPU.ActiveCfg = Debug|Any CPU
		{2BFACDC3-F44D-4199-8498-F5C3C4AC0335}.Debug|Any CPU.Build.0 = Debug|Any CPU
		{2BFACDC3-F44D-4199-8498-F5C3C4AC0335}.Release|Any CPU.ActiveCfg = Release|Any CPU
		{2BFACDC3-F44D-4199-8498-F5C3C4AC0335}.Release|Any CPU.Build.0 = Release|Any CPU
		{E461C0A8-8900-485C-B520-E929BA33F712}.Debug|Any CPU.ActiveCfg = Debug|Any CPU
		{E461C0A8-8900-485C-B520-E929BA33F712}.Debug|Any CPU.Build.0 = Debug|Any CPU
		{E461C0A8-8900-485C-B520-E929BA33F712}.Release|Any CPU.ActiveCfg = Release|Any CPU
		{E461C0A8-8900-485C-B520-E929BA33F712}.Release|Any CPU.Build.0 = Release|Any CPU
		{33674013-6881-4EDE-BB02-C503DD1E335E}.Debug|Any CPU.ActiveCfg = Debug|Any CPU
		{33674013-6881-4EDE-BB02-C503DD1E335E}.Debug|Any CPU.Build.0 = Debug|Any CPU
		{33674013-6881-4EDE-BB02-C503DD1E335E}.Release|Any CPU.ActiveCfg = Release|Any CPU
		{33674013-6881-4EDE-BB02-C503DD1E335E}.Release|Any CPU.Build.0 = Release|Any CPU
		{DED4AD5A-0666-4CBC-A562-CC971822CB01}.Debug|Any CPU.ActiveCfg = Debug|Any CPU
		{DED4AD5A-0666-4CBC-A562-CC971822CB01}.Debug|Any CPU.Build.0 = Debug|Any CPU
		{DED4AD5A-0666-4CBC-A562-CC971822CB01}.Release|Any CPU.ActiveCfg = Release|Any CPU
		{DED4AD5A-0666-4CBC-A562-CC971822CB01}.Release|Any CPU.Build.0 = Release|Any CPU
		{7F4257A4-4F21-4B32-933E-D94E10AD79DB}.Debug|Any CPU.ActiveCfg = Debug|Any CPU
		{7F4257A4-4F21-4B32-933E-D94E10AD79DB}.Debug|Any CPU.Build.0 = Debug|Any CPU
		{7F4257A4-4F21-4B32-933E-D94E10AD79DB}.Release|Any CPU.ActiveCfg = Release|Any CPU
		{7F4257A4-4F21-4B32-933E-D94E10AD79DB}.Release|Any CPU.Build.0 = Release|Any CPU
		{B5D61FCA-DD18-4072-B120-E2066387CAFC}.Debug|Any CPU.ActiveCfg = Debug|Any CPU
		{B5D61FCA-DD18-4072-B120-E2066387CAFC}.Debug|Any CPU.Build.0 = Debug|Any CPU
		{B5D61FCA-DD18-4072-B120-E2066387CAFC}.Release|Any CPU.ActiveCfg = Release|Any CPU
		{B5D61FCA-DD18-4072-B120-E2066387CAFC}.Release|Any CPU.Build.0 = Release|Any CPU
		{13B56ACB-5041-4CA9-A017-78FA2A4200AE}.Debug|Any CPU.ActiveCfg = Debug|Any CPU
		{13B56ACB-5041-4CA9-A017-78FA2A4200AE}.Debug|Any CPU.Build.0 = Debug|Any CPU
		{13B56ACB-5041-4CA9-A017-78FA2A4200AE}.Release|Any CPU.ActiveCfg = Release|Any CPU
		{13B56ACB-5041-4CA9-A017-78FA2A4200AE}.Release|Any CPU.Build.0 = Release|Any CPU
		{F2B4DCE3-245A-4DB4-8631-EFBBC9F43CF2}.Debug|Any CPU.ActiveCfg = Debug|Any CPU
		{F2B4DCE3-245A-4DB4-8631-EFBBC9F43CF2}.Debug|Any CPU.Build.0 = Debug|Any CPU
		{F2B4DCE3-245A-4DB4-8631-EFBBC9F43CF2}.Release|Any CPU.ActiveCfg = Release|Any CPU
		{F2B4DCE3-245A-4DB4-8631-EFBBC9F43CF2}.Release|Any CPU.Build.0 = Release|Any CPU
		{6A363073-45AF-4675-B336-B0C268911B0F}.Debug|Any CPU.ActiveCfg = Debug|Any CPU
		{6A363073-45AF-4675-B336-B0C268911B0F}.Debug|Any CPU.Build.0 = Debug|Any CPU
		{6A363073-45AF-4675-B336-B0C268911B0F}.Release|Any CPU.ActiveCfg = Release|Any CPU
		{6A363073-45AF-4675-B336-B0C268911B0F}.Release|Any CPU.Build.0 = Release|Any CPU
		{86432F4D-933E-4C65-A7B3-B0093A1F7E07}.Debug|Any CPU.ActiveCfg = Debug|Any CPU
		{86432F4D-933E-4C65-A7B3-B0093A1F7E07}.Debug|Any CPU.Build.0 = Debug|Any CPU
		{86432F4D-933E-4C65-A7B3-B0093A1F7E07}.Release|Any CPU.ActiveCfg = Release|Any CPU
		{86432F4D-933E-4C65-A7B3-B0093A1F7E07}.Release|Any CPU.Build.0 = Release|Any CPU
		{889DB3BC-ECDE-4DBD-A615-D19684922B17}.Debug|Any CPU.ActiveCfg = Debug|Any CPU
		{889DB3BC-ECDE-4DBD-A615-D19684922B17}.Debug|Any CPU.Build.0 = Debug|Any CPU
		{889DB3BC-ECDE-4DBD-A615-D19684922B17}.Release|Any CPU.ActiveCfg = Release|Any CPU
		{889DB3BC-ECDE-4DBD-A615-D19684922B17}.Release|Any CPU.Build.0 = Release|Any CPU
		{A178F6E6-089A-41B0-850B-F63A5654C6D9}.Debug|Any CPU.ActiveCfg = Debug|Any CPU
		{A178F6E6-089A-41B0-850B-F63A5654C6D9}.Debug|Any CPU.Build.0 = Debug|Any CPU
		{A178F6E6-089A-41B0-850B-F63A5654C6D9}.Release|Any CPU.ActiveCfg = Release|Any CPU
		{A178F6E6-089A-41B0-850B-F63A5654C6D9}.Release|Any CPU.Build.0 = Release|Any CPU
		{9C839905-F470-4446-BA4A-A409B9D54E8A}.Debug|Any CPU.ActiveCfg = Debug|Any CPU
		{9C839905-F470-4446-BA4A-A409B9D54E8A}.Debug|Any CPU.Build.0 = Debug|Any CPU
		{9C839905-F470-4446-BA4A-A409B9D54E8A}.Release|Any CPU.ActiveCfg = Release|Any CPU
		{9C839905-F470-4446-BA4A-A409B9D54E8A}.Release|Any CPU.Build.0 = Release|Any CPU
		{375C8774-CC3B-4EDE-B2CC-2EF2C4330C9F}.Debug|Any CPU.ActiveCfg = Debug|Any CPU
		{375C8774-CC3B-4EDE-B2CC-2EF2C4330C9F}.Debug|Any CPU.Build.0 = Debug|Any CPU
		{375C8774-CC3B-4EDE-B2CC-2EF2C4330C9F}.Release|Any CPU.ActiveCfg = Release|Any CPU
		{375C8774-CC3B-4EDE-B2CC-2EF2C4330C9F}.Release|Any CPU.Build.0 = Release|Any CPU
		{DB08962A-CDEE-438C-AAA1-8CD4DED33CCC}.Debug|Any CPU.ActiveCfg = Debug|Any CPU
		{DB08962A-CDEE-438C-AAA1-8CD4DED33CCC}.Debug|Any CPU.Build.0 = Debug|Any CPU
		{DB08962A-CDEE-438C-AAA1-8CD4DED33CCC}.Release|Any CPU.ActiveCfg = Release|Any CPU
		{DB08962A-CDEE-438C-AAA1-8CD4DED33CCC}.Release|Any CPU.Build.0 = Release|Any CPU
		{B492C0D7-7D7E-45AB-B8D1-BB5E2785564F}.Debug|Any CPU.ActiveCfg = Debug|Any CPU
		{B492C0D7-7D7E-45AB-B8D1-BB5E2785564F}.Debug|Any CPU.Build.0 = Debug|Any CPU
		{B492C0D7-7D7E-45AB-B8D1-BB5E2785564F}.Release|Any CPU.ActiveCfg = Release|Any CPU
		{B492C0D7-7D7E-45AB-B8D1-BB5E2785564F}.Release|Any CPU.Build.0 = Release|Any CPU
		{294525E4-48B3-480A-B420-218FF45A4582}.Debug|Any CPU.ActiveCfg = Debug|Any CPU
		{294525E4-48B3-480A-B420-218FF45A4582}.Debug|Any CPU.Build.0 = Debug|Any CPU
		{294525E4-48B3-480A-B420-218FF45A4582}.Release|Any CPU.ActiveCfg = Release|Any CPU
		{294525E4-48B3-480A-B420-218FF45A4582}.Release|Any CPU.Build.0 = Release|Any CPU
		{53ABCF04-B415-4F0E-B4F1-9EA69986BAAA}.Debug|Any CPU.ActiveCfg = Debug|Any CPU
		{53ABCF04-B415-4F0E-B4F1-9EA69986BAAA}.Debug|Any CPU.Build.0 = Debug|Any CPU
		{53ABCF04-B415-4F0E-B4F1-9EA69986BAAA}.Release|Any CPU.ActiveCfg = Release|Any CPU
		{53ABCF04-B415-4F0E-B4F1-9EA69986BAAA}.Release|Any CPU.Build.0 = Release|Any CPU
		{C20868AF-9D63-4BE2-B41B-AECC8A5DCC53}.Debug|Any CPU.ActiveCfg = Debug|Any CPU
		{C20868AF-9D63-4BE2-B41B-AECC8A5DCC53}.Debug|Any CPU.Build.0 = Debug|Any CPU
		{C20868AF-9D63-4BE2-B41B-AECC8A5DCC53}.Release|Any CPU.ActiveCfg = Release|Any CPU
		{C20868AF-9D63-4BE2-B41B-AECC8A5DCC53}.Release|Any CPU.Build.0 = Release|Any CPU
		{0633CDFB-D06C-491F-A12B-D028927BD8BC}.Debug|Any CPU.ActiveCfg = Debug|Any CPU
		{0633CDFB-D06C-491F-A12B-D028927BD8BC}.Debug|Any CPU.Build.0 = Debug|Any CPU
		{0633CDFB-D06C-491F-A12B-D028927BD8BC}.Release|Any CPU.ActiveCfg = Release|Any CPU
		{0633CDFB-D06C-491F-A12B-D028927BD8BC}.Release|Any CPU.Build.0 = Release|Any CPU
		{6DA7B59F-251B-460C-A0EC-3A44BA4FAC58}.Debug|Any CPU.ActiveCfg = Debug|Any CPU
		{6DA7B59F-251B-460C-A0EC-3A44BA4FAC58}.Debug|Any CPU.Build.0 = Debug|Any CPU
		{6DA7B59F-251B-460C-A0EC-3A44BA4FAC58}.Release|Any CPU.ActiveCfg = Release|Any CPU
		{6DA7B59F-251B-460C-A0EC-3A44BA4FAC58}.Release|Any CPU.Build.0 = Release|Any CPU
	EndGlobalSection
	GlobalSection(SolutionProperties) = preSolution
		HideSolutionNode = FALSE
	EndGlobalSection
	GlobalSection(NestedProjects) = preSolution
		{4A3D8DF0-297D-41F2-842E-BC81C272738A} = {BC8A38C9-C8A7-4333-AB49-E0C808FD76C3}
		{6F1B8B29-F203-44B8-BE86-88773AC884E1} = {BC8A38C9-C8A7-4333-AB49-E0C808FD76C3}
		{4BADB429-8E7E-4434-A66C-7470FBF6C83E} = {BC8A38C9-C8A7-4333-AB49-E0C808FD76C3}
		{8D2BC53B-B015-4372-B3EE-86EA78926B20} = {BC8A38C9-C8A7-4333-AB49-E0C808FD76C3}
		{1F4A3228-1729-4FC1-AC39-6AD80985F523} = {BC8A38C9-C8A7-4333-AB49-E0C808FD76C3}
		{3EB8B054-247D-4773-A7D4-6934DC96622F} = {EC455B1B-94FD-46CD-BD19-162C8F4DA32C}
		{E6DBB124-32D3-4E0F-BB17-AD3C9D2E25B7} = {EC455B1B-94FD-46CD-BD19-162C8F4DA32C}
		{72C862A7-500B-4BA5-A4CA-14D870C94B58} = {EC455B1B-94FD-46CD-BD19-162C8F4DA32C}
		{6CBA8560-5784-4B74-95DC-E173BDBBC76E} = {EC455B1B-94FD-46CD-BD19-162C8F4DA32C}
		{F9FC09E6-2190-4CCF-BCC9-41BB1F26A684} = {EAAAA0F0-BB37-4592-A4A9-1E643245DC6A}
		{0D8C58F2-007B-4C9B-8522-F4F8E247D98A} = {EAAAA0F0-BB37-4592-A4A9-1E643245DC6A}
		{9BB5EFBB-5D5B-47F8-A6D0-E49105EB453F} = {8F07B171-A3CF-40C8-A256-5AD4AD307483}
		{339E54AA-7E22-42F4-8E52-C4CD9E65F372} = {8F07B171-A3CF-40C8-A256-5AD4AD307483}
		{0D5760B9-B6C3-467D-B34B-7A256590A47D} = {8F07B171-A3CF-40C8-A256-5AD4AD307483}
		{94034F33-67B8-4728-A02A-FBE84A1D46BA} = {8F07B171-A3CF-40C8-A256-5AD4AD307483}
		{19E741AE-D0C6-47CF-B1FF-8B34A3132FEA} = {A5C346F0-D09A-47D9-A6C8-A5A362DA1610}
		{DB7A61EC-780D-426E-A04E-05A12466F6C8} = {A5C346F0-D09A-47D9-A6C8-A5A362DA1610}
		{CA575CA4-3A71-4E49-8177-DC3C45CCEA59} = {ADCECEEA-D0C5-4447-B7CC-15AE51298959}
		{D340A64A-ACD2-4645-B6F3-E5FFE3BC2EED} = {ADCECEEA-D0C5-4447-B7CC-15AE51298959}
		{2B0269CC-C321-4E4D-A98D-EE44344061E5} = {ADCECEEA-D0C5-4447-B7CC-15AE51298959}
		{D7516AE1-6F3F-4DB8-A498-B236C749EAF9} = {ADCECEEA-D0C5-4447-B7CC-15AE51298959}
		{2BFACDC3-F44D-4199-8498-F5C3C4AC0335} = {8AD89E8A-2B8D-4E90-9F47-85225EEBF93E}
		{E461C0A8-8900-485C-B520-E929BA33F712} = {8AD89E8A-2B8D-4E90-9F47-85225EEBF93E}
		{33674013-6881-4EDE-BB02-C503DD1E335E} = {903862AC-C589-443B-8BA4-94F3DDFCAB48}
		{DED4AD5A-0666-4CBC-A562-CC971822CB01} = {903862AC-C589-443B-8BA4-94F3DDFCAB48}
		{7F4257A4-4F21-4B32-933E-D94E10AD79DB} = {903862AC-C589-443B-8BA4-94F3DDFCAB48}
		{B5D61FCA-DD18-4072-B120-E2066387CAFC} = {5590A87A-BF52-47A9-A400-248B24E079C3}
		{13B56ACB-5041-4CA9-A017-78FA2A4200AE} = {5590A87A-BF52-47A9-A400-248B24E079C3}
		{F2B4DCE3-245A-4DB4-8631-EFBBC9F43CF2} = {5590A87A-BF52-47A9-A400-248B24E079C3}
		{6A363073-45AF-4675-B336-B0C268911B0F} = {5590A87A-BF52-47A9-A400-248B24E079C3}
		{86432F4D-933E-4C65-A7B3-B0093A1F7E07} = {CF5AC19F-DBF5-459C-AA50-B1EEFC41DADD}
		{889DB3BC-ECDE-4DBD-A615-D19684922B17} = {F3EFD254-2F0B-4BB0-B3EE-2437349F6B70}
		{A178F6E6-089A-41B0-850B-F63A5654C6D9} = {16BFF475-EB2D-4D0C-8AFA-CF99CED4DA3F}
		{9320BC1A-550E-4DB0-8B0E-CEEBD9B444F4} = {16BFF475-EB2D-4D0C-8AFA-CF99CED4DA3F}
		{9C839905-F470-4446-BA4A-A409B9D54E8A} = {9320BC1A-550E-4DB0-8B0E-CEEBD9B444F4}
		{375C8774-CC3B-4EDE-B2CC-2EF2C4330C9F} = {9320BC1A-550E-4DB0-8B0E-CEEBD9B444F4}
		{DB08962A-CDEE-438C-AAA1-8CD4DED33CCC} = {16BFF475-EB2D-4D0C-8AFA-CF99CED4DA3F}
		{B492C0D7-7D7E-45AB-B8D1-BB5E2785564F} = {1D306CAF-A41C-4503-90E6-3899CB5EFAB5}
		{294525E4-48B3-480A-B420-218FF45A4582} = {1D306CAF-A41C-4503-90E6-3899CB5EFAB5}
		{53ABCF04-B415-4F0E-B4F1-9EA69986BAAA} = {7B3EACC3-5026-4DE1-8AC6-2DBE3397C13F}
		{C20868AF-9D63-4BE2-B41B-AECC8A5DCC53} = {CF01DD78-4E09-4C9A-BAFB-B408B6ED9F88}
		{0633CDFB-D06C-491F-A12B-D028927BD8BC} = {CF01DD78-4E09-4C9A-BAFB-B408B6ED9F88}
		{6DA7B59F-251B-460C-A0EC-3A44BA4FAC58} = {732667F3-723C-423F-A544-C4B7CA723898}
	EndGlobalSection
	GlobalSection(ExtensibilityGlobals) = postSolution
		SolutionGuid = {AE26EFFB-2228-43E1-AF14-C556A740E1A4}
	EndGlobalSection
EndGlobal
