
Microsoft Visual Studio Solution File, Format Version 12.00
# Visual Studio Version 16
VisualStudioVersion = 16.0.32228.343
MinimumVisualStudioVersion = 10.0.40219.1
Project("{2150E333-8FDC-42A3-9474-1A3956D46DE8}") = "Chapter02", "Chapter02", "{BC8A38C9-C8A7-4333-AB49-E0C808FD76C3}"
EndProject
Project("{FAE04EC0-301F-11D3-BF4B-00C04F79EFBC}") = "DistanceConverter", "Chapter02\DistanceConverter\DistanceConverter.csproj", "{4A3D8DF0-297D-41F2-842E-BC81C272738A}"
EndProject
Project("{FAE04EC0-301F-11D3-BF4B-00C04F79EFBC}") = "SalesCalculator", "Chapter02\SalesCalculator\SalesCalculator.csproj", "{6F1B8B29-F203-44B8-BE86-88773AC884E1}"
EndProject
Project("{FAE04EC0-301F-11D3-BF4B-00C04F79EFBC}") = "Exercise", "Chapter02\Exercise\Exercise.csproj", "{4BADB429-8E7E-4434-A66C-7470FBF6C83E}"
EndProject
Project("{FAE04EC0-301F-11D3-BF4B-00C04F79EFBC}") = "Exercise02", "Chapter02\Exercise02\Exercise02.csproj", "{8D2BC53B-B015-4372-B3EE-86EA78926B20}"
EndProject
Project("{FAE04EC0-301F-11D3-BF4B-00C04F79EFBC}") = "Exercise03", "Chapter02\Exercise03\Exercise03.csproj", "{1F4A3228-1729-4FC1-AC39-6AD80985F523}"
EndProject
Project("{2150E333-8FDC-42A3-9474-1A3956D46DE8}") = "Chapter03", "Chapter03", "{EC455B1B-94FD-46CD-BD19-162C8F4DA32C}"
EndProject
Project("{FAE04EC0-301F-11D3-BF4B-00C04F79EFBC}") = "Section01", "Chapter03\Section01\Section01.csproj", "{3EB8B054-247D-4773-A7D4-6934DC96622F}"
EndProject
Global
	GlobalSection(SolutionConfigurationPlatforms) = preSolution
		Debug|Any CPU = Debug|Any CPU
		Release|Any CPU = Release|Any CPU
	EndGlobalSection
	GlobalSection(ProjectConfigurationPlatforms) = postSolution
		{4A3D8DF0-297D-41F2-842E-BC81C272738A}.Debug|Any CPU.ActiveCfg = Debug|Any CPU
		{4A3D8DF0-297D-41F2-842E-BC81C272738A}.Debug|Any CPU.Build.0 = Debug|Any CPU
		{4A3D8DF0-297D-41F2-842E-BC81C272738A}.Release|Any CPU.ActiveCfg = Release|Any CPU
		{4A3D8DF0-297D-41F2-842E-BC81C272738A}.Release|Any CPU.Build.0 = Release|Any CPU
		{6F1B8B29-F203-44B8-BE86-88773AC884E1}.Debug|Any CPU.ActiveCfg = Debug|Any CPU
		{6F1B8B29-F203-44B8-BE86-88773AC884E1}.Debug|Any CPU.Build.0 = Debug|Any CPU
		{6F1B8B29-F203-44B8-BE86-88773AC884E1}.Release|Any CPU.ActiveCfg = Release|Any CPU
		{6F1B8B29-F203-44B8-BE86-88773AC884E1}.Release|Any CPU.Build.0 = Release|Any CPU
		{4BADB429-8E7E-4434-A66C-7470FBF6C83E}.Debug|Any CPU.ActiveCfg = Debug|Any CPU
		{4BADB429-8E7E-4434-A66C-7470FBF6C83E}.Debug|Any CPU.Build.0 = Debug|Any CPU
		{4BADB429-8E7E-4434-A66C-7470FBF6C83E}.Release|Any CPU.ActiveCfg = Release|Any CPU
		{4BADB429-8E7E-4434-A66C-7470FBF6C83E}.Release|Any CPU.Build.0 = Release|Any CPU
		{8D2BC53B-B015-4372-B3EE-86EA78926B20}.Debug|Any CPU.ActiveCfg = Debug|Any CPU
		{8D2BC53B-B015-4372-B3EE-86EA78926B20}.Debug|Any CPU.Build.0 = Debug|Any CPU
		{8D2BC53B-B015-4372-B3EE-86EA78926B20}.Release|Any CPU.ActiveCfg = Release|Any CPU
		{8D2BC53B-B015-4372-B3EE-86EA78926B20}.Release|Any CPU.Build.0 = Release|Any CPU
		{1F4A3228-1729-4FC1-AC39-6AD80985F523}.Debug|Any CPU.ActiveCfg = Debug|Any CPU
		{1F4A3228-1729-4FC1-AC39-6AD80985F523}.Debug|Any CPU.Build.0 = Debug|Any CPU
		{1F4A3228-1729-4FC1-AC39-6AD80985F523}.Release|Any CPU.ActiveCfg = Release|Any CPU
		{1F4A3228-1729-4FC1-AC39-6AD80985F523}.Release|Any CPU.Build.0 = Release|Any CPU
		{3EB8B054-247D-4773-A7D4-6934DC96622F}.Debug|Any CPU.ActiveCfg = Debug|Any CPU
		{3EB8B054-247D-4773-A7D4-6934DC96622F}.Debug|Any CPU.Build.0 = Debug|Any CPU
		{3EB8B054-247D-4773-A7D4-6934DC96622F}.Release|Any CPU.ActiveCfg = Release|Any CPU
		{3EB8B054-247D-4773-A7D4-6934DC96622F}.Release|Any CPU.Build.0 = Release|Any CPU
	EndGlobalSection
	GlobalSection(SolutionProperties) = preSolution
		HideSolutionNode = FALSE
	EndGlobalSection
	GlobalSection(NestedProjects) = preSolution
		{4A3D8DF0-297D-41F2-842E-BC81C272738A} = {BC8A38C9-C8A7-4333-AB49-E0C808FD76C3}
		{6F1B8B29-F203-44B8-BE86-88773AC884E1} = {BC8A38C9-C8A7-4333-AB49-E0C808FD76C3}
		{4BADB429-8E7E-4434-A66C-7470FBF6C83E} = {BC8A38C9-C8A7-4333-AB49-E0C808FD76C3}
		{8D2BC53B-B015-4372-B3EE-86EA78926B20} = {BC8A38C9-C8A7-4333-AB49-E0C808FD76C3}
		{1F4A3228-1729-4FC1-AC39-6AD80985F523} = {BC8A38C9-C8A7-4333-AB49-E0C808FD76C3}
		{3EB8B054-247D-4773-A7D4-6934DC96622F} = {EC455B1B-94FD-46CD-BD19-162C8F4DA32C}
	EndGlobalSection
	GlobalSection(ExtensibilityGlobals) = postSolution
		SolutionGuid = {AE26EFFB-2228-43E1-AF14-C556A740E1A4}
	EndGlobalSection
EndGlobal
